
Microsoft Visual Studio Solution File, Format Version 12.00
# Visual Studio Version 16
VisualStudioVersion = 16.0.31515.178
MinimumVisualStudioVersion = 10.0.40219.1
Project("{9A19103F-16F7-4668-BE54-9A1E7A4F7556}") = "Mawosoft.MissingCoverage", "src\Mawosoft.MissingCoverage\Mawosoft.MissingCoverage.csproj", "{6E3E8C22-FF75-41F0-BC4D-7344E3047539}"
EndProject
Project("{9A19103F-16F7-4668-BE54-9A1E7A4F7556}") = "Mawosoft.MissingCoverage.Tests", "tests\Mawosoft.MissingCoverage.Tests\Mawosoft.MissingCoverage.Tests.csproj", "{5E4C5339-104F-4A40-8F86-ADFD042F5512}"
EndProject
Project("{2150E333-8FDC-42A3-9474-1A3956D46DE8}") = "benchmarks", "benchmarks", "{341F1481-AC97-42E0-88DC-485F604BC4E8}"
EndProject
Project("{9A19103F-16F7-4668-BE54-9A1E7A4F7556}") = "LineInfoBenchmarks", "tests\benchmarks\LineInfoBenchmarks\LineInfoBenchmarks.csproj", "{5E451154-C5EC-4D6B-BEB9-2BD947B9144C}"
EndProject
Project("{9A19103F-16F7-4668-BE54-9A1E7A4F7556}") = "XmlBenchmarks", "tests\benchmarks\XmlBenchmarks\XmlBenchmarks.csproj", "{188E9563-C342-489A-8ED9-1AEDBEC38021}"
EndProject
Project("{9A19103F-16F7-4668-BE54-9A1E7A4F7556}") = "EnumBenchmarks", "tests\benchmarks\EnumBenchmarks\EnumBenchmarks.csproj", "{0E264719-05E9-4A28-8812-D82EEC7284A8}"
EndProject
Global
	GlobalSection(SolutionConfigurationPlatforms) = preSolution
		Debug|Any CPU = Debug|Any CPU
		Release|Any CPU = Release|Any CPU
	EndGlobalSection
	GlobalSection(ProjectConfigurationPlatforms) = postSolution
		{6E3E8C22-FF75-41F0-BC4D-7344E3047539}.Debug|Any CPU.ActiveCfg = Debug|Any CPU
		{6E3E8C22-FF75-41F0-BC4D-7344E3047539}.Debug|Any CPU.Build.0 = Debug|Any CPU
		{6E3E8C22-FF75-41F0-BC4D-7344E3047539}.Release|Any CPU.ActiveCfg = Release|Any CPU
		{6E3E8C22-FF75-41F0-BC4D-7344E3047539}.Release|Any CPU.Build.0 = Release|Any CPU
		{5E4C5339-104F-4A40-8F86-ADFD042F5512}.Debug|Any CPU.ActiveCfg = Debug|Any CPU
		{5E4C5339-104F-4A40-8F86-ADFD042F5512}.Debug|Any CPU.Build.0 = Debug|Any CPU
		{5E4C5339-104F-4A40-8F86-ADFD042F5512}.Release|Any CPU.ActiveCfg = Release|Any CPU
		{5E4C5339-104F-4A40-8F86-ADFD042F5512}.Release|Any CPU.Build.0 = Release|Any CPU
		{5E451154-C5EC-4D6B-BEB9-2BD947B9144C}.Debug|Any CPU.ActiveCfg = Debug|Any CPU
		{5E451154-C5EC-4D6B-BEB9-2BD947B9144C}.Debug|Any CPU.Build.0 = Debug|Any CPU
		{5E451154-C5EC-4D6B-BEB9-2BD947B9144C}.Release|Any CPU.ActiveCfg = Release|Any CPU
		{5E451154-C5EC-4D6B-BEB9-2BD947B9144C}.Release|Any CPU.Build.0 = Release|Any CPU
		{188E9563-C342-489A-8ED9-1AEDBEC38021}.Debug|Any CPU.ActiveCfg = Debug|Any CPU
		{188E9563-C342-489A-8ED9-1AEDBEC38021}.Debug|Any CPU.Build.0 = Debug|Any CPU
		{188E9563-C342-489A-8ED9-1AEDBEC38021}.Release|Any CPU.ActiveCfg = Release|Any CPU
		{188E9563-C342-489A-8ED9-1AEDBEC38021}.Release|Any CPU.Build.0 = Release|Any CPU
		{0E264719-05E9-4A28-8812-D82EEC7284A8}.Debug|Any CPU.ActiveCfg = Debug|Any CPU
		{0E264719-05E9-4A28-8812-D82EEC7284A8}.Debug|Any CPU.Build.0 = Debug|Any CPU
		{0E264719-05E9-4A28-8812-D82EEC7284A8}.Release|Any CPU.ActiveCfg = Release|Any CPU
		{0E264719-05E9-4A28-8812-D82EEC7284A8}.Release|Any CPU.Build.0 = Release|Any CPU
	EndGlobalSection
	GlobalSection(SolutionProperties) = preSolution
		HideSolutionNode = FALSE
	EndGlobalSection
	GlobalSection(NestedProjects) = preSolution
		{5E451154-C5EC-4D6B-BEB9-2BD947B9144C} = {341F1481-AC97-42E0-88DC-485F604BC4E8}
		{188E9563-C342-489A-8ED9-1AEDBEC38021} = {341F1481-AC97-42E0-88DC-485F604BC4E8}
		{0E264719-05E9-4A28-8812-D82EEC7284A8} = {341F1481-AC97-42E0-88DC-485F604BC4E8}
	EndGlobalSection
	GlobalSection(ExtensibilityGlobals) = postSolution
		SolutionGuid = {88E1E1DA-2544-4EDC-AAB4-A4E53AD26DB8}
	EndGlobalSection
EndGlobal
